// !$*UTF8*$!
{
	archiveVersion = 1;
	classes = {
	};
	objectVersion = 46;
	objects = {

/* Begin PBXBuildFile section */
		BA2A05D81DFC381400C11BDB /* AppDelegate.swift in Sources */ = {isa = PBXBuildFile; fileRef = BA2A05D71DFC381400C11BDB /* AppDelegate.swift */; };
		BA2A05DA1DFC381400C11BDB /* ViewController.swift in Sources */ = {isa = PBXBuildFile; fileRef = BA2A05D91DFC381400C11BDB /* ViewController.swift */; };
		BA2A05DD1DFC381400C11BDB /* Main.storyboard in Resources */ = {isa = PBXBuildFile; fileRef = BA2A05DB1DFC381400C11BDB /* Main.storyboard */; };
		BA2A05E01DFC381400C11BDB /* CoreDataToDoSwift3.xcdatamodeld in Sources */ = {isa = PBXBuildFile; fileRef = BA2A05DE1DFC381400C11BDB /* CoreDataToDoSwift3.xcdatamodeld */; };
		BA2A05E21DFC381400C11BDB /* Assets.xcassets in Resources */ = {isa = PBXBuildFile; fileRef = BA2A05E11DFC381400C11BDB /* Assets.xcassets */; };
		BA2A05E51DFC381400C11BDB /* LaunchScreen.storyboard in Resources */ = {isa = PBXBuildFile; fileRef = BA2A05E31DFC381400C11BDB /* LaunchScreen.storyboard */; };
		BA2A05ED1DFC39AA00C11BDB /* AddTaskViewController.swift in Sources */ = {isa = PBXBuildFile; fileRef = BA2A05EC1DFC39AA00C11BDB /* AddTaskViewController.swift */; };
/* End PBXBuildFile section */

/* Begin PBXFileReference section */
		BA2A05D41DFC381400C11BDB /* CoreDataToDoSwift3.app */ = {isa = PBXFileReference; explicitFileType = wrapper.application; includeInIndex = 0; path = CoreDataToDoSwift3.app; sourceTree = BUILT_PRODUCTS_DIR; };
		BA2A05D71DFC381400C11BDB /* AppDelegate.swift */ = {isa = PBXFileReference; lastKnownFileType = sourcecode.swift; path = AppDelegate.swift; sourceTree = "<group>"; };
		BA2A05D91DFC381400C11BDB /* ViewController.swift */ = {isa = PBXFileReference; lastKnownFileType = sourcecode.swift; path = ViewController.swift; sourceTree = "<group>"; };
		BA2A05DC1DFC381400C11BDB /* Base */ = {isa = PBXFileReference; lastKnownFileType = file.storyboard; name = Base; path = Base.lproj/Main.storyboard; sourceTree = "<group>"; };
		BA2A05DF1DFC381400C11BDB /* CoreDataToDoSwift3.xcdatamodel */ = {isa = PBXFileReference; lastKnownFileType = wrapper.xcdatamodel; path = CoreDataToDoSwift3.xcdatamodel; sourceTree = "<group>"; };
		BA2A05E11DFC381400C11BDB /* Assets.xcassets */ = {isa = PBXFileReference; lastKnownFileType = folder.assetcatalog; path = Assets.xcassets; sourceTree = "<group>"; };
		BA2A05E41DFC381400C11BDB /* Base */ = {isa = PBXFileReference; lastKnownFileType = file.storyboard; name = Base; path = Base.lproj/LaunchScreen.storyboard; sourceTree = "<group>"; };
		BA2A05E61DFC381400C11BDB /* Info.plist */ = {isa = PBXFileReference; lastKnownFileType = text.plist.xml; path = Info.plist; sourceTree = "<group>"; };
		BA2A05EC1DFC39AA00C11BDB /* AddTaskViewController.swift */ = {isa = PBXFileReference; fileEncoding = 4; lastKnownFileType = sourcecode.swift; path = AddTaskViewController.swift; sourceTree = "<group>"; };
/* End PBXFileReference section */

/* Begin PBXFrameworksBuildPhase section */
		BA2A05D11DFC381400C11BDB /* Frameworks */ = {
			isa = PBXFrameworksBuildPhase;
			buildActionMask = 2147483647;
			files = (
			);
			runOnlyForDeploymentPostprocessing = 0;
		};
/* End PBXFrameworksBuildPhase section */

/* Begin PBXGroup section */
		BA2A05CB1DFC381400C11BDB = {
			isa = PBXGroup;
			children = (
				BA2A05D61DFC381400C11BDB /* CoreDataToDoSwift3 */,
				BA2A05D51DFC381400C11BDB /* Products */,
			);
			sourceTree = "<group>";
		};
		BA2A05D51DFC381400C11BDB /* Products */ = {
			isa = PBXGroup;
			children = (
				BA2A05D41DFC381400C11BDB /* CoreDataToDoSwift3.app */,
			);
			name = Products;
			sourceTree = "<group>";
		};
		BA2A05D61DFC381400C11BDB /* CoreDataToDoSwift3 */ = {
			isa = PBXGroup;
			children = (
				BA2A05D71DFC381400C11BDB /* AppDelegate.swift */,
				BA2A05D91DFC381400C11BDB /* ViewController.swift */,
				BA2A05EC1DFC39AA00C11BDB /* AddTaskViewController.swift */,
				BA2A05DB1DFC381400C11BDB /* Main.storyboard */,
				BA2A05E11DFC381400C11BDB /* Assets.xcassets */,
				BA2A05E31DFC381400C11BDB /* LaunchScreen.storyboard */,
				BA2A05E61DFC381400C11BDB /* Info.plist */,
				BA2A05DE1DFC381400C11BDB /* CoreDataToDoSwift3.xcdatamodeld */,
			);
			path = CoreDataToDoSwift3;
			sourceTree = "<group>";
		};
/* End PBXGroup section */

/* Begin PBXNativeTarget section */
		BA2A05D31DFC381400C11BDB /* CoreDataToDoSwift3 */ = {
			isa = PBXNativeTarget;
			buildConfigurationList = BA2A05E91DFC381400C11BDB /* Build configuration list for PBXNativeTarget "CoreDataToDoSwift3" */;
			buildPhases = (
				BA2A05D01DFC381400C11BDB /* Sources */,
				BA2A05D11DFC381400C11BDB /* Frameworks */,
				BA2A05D21DFC381400C11BDB /* Resources */,
			);
			buildRules = (
			);
			dependencies = (
			);
			name = CoreDataToDoSwift3;
			productName = CoreDataToDoSwift3;
			productReference = BA2A05D41DFC381400C11BDB /* CoreDataToDoSwift3.app */;
			productType = "com.apple.product-type.application";
		};
/* End PBXNativeTarget section */

/* Begin PBXProject section */
		BA2A05CC1DFC381400C11BDB /* Project object */ = {
			isa = PBXProject;
			attributes = {
				LastSwiftUpdateCheck = 0810;
				LastUpgradeCheck = 0810;
				ORGANIZATIONNAME = "Henry Aguinaga";
				TargetAttributes = {
					BA2A05D31DFC381400C11BDB = {
						CreatedOnToolsVersion = 8.1;
						DevelopmentTeam = ZGKM2V59UB;
						ProvisioningStyle = Automatic;
					};
				};
			};
			buildConfigurationList = BA2A05CF1DFC381400C11BDB /* Build configuration list for PBXProject "CoreDataToDoSwift3" */;
			compatibilityVersion = "Xcode 3.2";
			developmentRegion = English;
			hasScannedForEncodings = 0;
			knownRegions = (
				en,
				Base,
			);
			mainGroup = BA2A05CB1DFC381400C11BDB;
			productRefGroup = BA2A05D51DFC381400C11BDB /* Products */;
			projectDirPath = "";
			projectRoot = "";
			targets = (
				BA2A05D31DFC381400C11BDB /* CoreDataToDoSwift3 */,
			);
		};
/* End PBXProject section */

/* Begin PBXResourcesBuildPhase section */
		BA2A05D21DFC381400C11BDB /* Resources */ = {
			isa = PBXResourcesBuildPhase;
			buildActionMask = 2147483647;
			files = (
				BA2A05E51DFC381400C11BDB /* LaunchScreen.storyboard in Resources */,
				BA2A05E21DFC381400C11BDB /* Assets.xcassets in Resources */,
				BA2A05DD1DFC381400C11BDB /* Main.storyboard in Resources */,
			);
			runOnlyForDeploymentPostprocessing = 0;
		};
/* End PBXResourcesBuildPhase section */

/* Begin PBXSourcesBuildPhase section */
		BA2A05D01DFC381400C11BDB /* Sources */ = {
			isa = PBXSourcesBuildPhase;
			buildActionMask = 2147483647;
			files = (
				BA2A05DA1DFC381400C11BDB /* ViewController.swift in Sources */,
				BA2A05ED1DFC39AA00C11BDB /* AddTaskViewController.swift in Sources */,
				BA2A05D81DFC381400C11BDB /* AppDelegate.swift in Sources */,
				BA2A05E01DFC381400C11BDB /* CoreDataToDoSwift3.xcdatamodeld in Sources */,
			);
			runOnlyForDeploymentPostprocessing = 0;
		};
/* End PBXSourcesBuildPhase section */

/* Begin PBXVariantGroup section */
		BA2A05DB1DFC381400C11BDB /* Main.storyboard */ = {
			isa = PBXVariantGroup;
			children = (
				BA2A05DC1DFC381400C11BDB /* Base */,
			);
			name = Main.storyboard;
			sourceTree = "<group>";
		};
		BA2A05E31DFC381400C11BDB /* LaunchScreen.storyboard */ = {
			isa = PBXVariantGroup;
			children = (
				BA2A05E41DFC381400C11BDB /* Base */,
			);
			name = LaunchScreen.storyboard;
			sourceTree = "<group>";
		};
/* End PBXVariantGroup section */

/* Begin XCBuildConfiguration section */
		BA2A05E71DFC381400C11BDB /* Debug */ = {
			isa = XCBuildConfiguration;
			buildSettings = {
				ALWAYS_SEARCH_USER_PATHS = NO;
				CLANG_ANALYZER_NONNULL = YES;
				CLANG_CXX_LANGUAGE_STANDARD = "gnu++0x";
				CLANG_CXX_LIBRARY = "libc++";
				CLANG_ENABLE_MODULES = YES;
				CLANG_ENABLE_OBJC_ARC = YES;
				CLANG_WARN_BOOL_CONVERSION = YES;
				CLANG_WARN_CONSTANT_CONVERSION = YES;
				CLANG_WARN_DIRECT_OBJC_ISA_USAGE = YES_ERROR;
				CLANG_WARN_DOCUMENTATION_COMMENTS = YES;
				CLANG_WARN_EMPTY_BODY = YES;
				CLANG_WARN_ENUM_CONVERSION = YES;
				CLANG_WARN_INFINITE_RECURSION = YES;
				CLANG_WARN_INT_CONVERSION = YES;
				CLANG_WARN_OBJC_ROOT_CLASS = YES_ERROR;
				CLANG_WARN_SUSPICIOUS_MOVES = YES;
				CLANG_WARN_UNREACHABLE_CODE = YES;
				CLANG_WARN__DUPLICATE_METHOD_MATCH = YES;
				"CODE_SIGN_IDENTITY[sdk=iphoneos*]" = "iPhone Developer";
				COPY_PHASE_STRIP = NO;
				DEBUG_INFORMATION_FORMAT = dwarf;
				ENABLE_STRICT_OBJC_MSGSEND = YES;
				ENABLE_TESTABILITY = YES;
				GCC_C_LANGUAGE_STANDARD = gnu99;
				GCC_DYNAMIC_NO_PIC = NO;
				GCC_NO_COMMON_BLOCKS = YES;
				GCC_OPTIMIZATION_LEVEL = 0;
				GCC_PREPROCESSOR_DEFINITIONS = (
					"DEBUG=1",
					"$(inherited)",
				);
				GCC_WARN_64_TO_32_BIT_CONVERSION = YES;
				GCC_WARN_ABOUT_RETURN_TYPE = YES_ERROR;
				GCC_WARN_UNDECLARED_SELECTOR = YES;
				GCC_WARN_UNINITIALIZED_AUTOS = YES_AGGRESSIVE;
				GCC_WARN_UNUSED_FUNCTION = YES;
				GCC_WARN_UNUSED_VARIABLE = YES;
				IPHONEOS_DEPLOYMENT_TARGET = 10.1;
				MTL_ENABLE_DEBUG_INFO = YES;
				ONLY_ACTIVE_ARCH = YES;
				SDKROOT = iphoneos;
				SWIFT_ACTIVE_COMPILATION_CONDITIONS = DEBUG;
				SWIFT_OPTIMIZATION_LEVEL = "-Onone";
				TARGETED_DEVICE_FAMILY = "1,2";
			};
			name = Debug;
		};
		BA2A05E81DFC381400C11BDB /* Release */ = {
			isa = XCBuildConfiguration;
			buildSettings = {
				ALWAYS_SEARCH_USER_PATHS = NO;
				CLANG_ANALYZER_NONNULL = YES;
				CLANG_CXX_LANGUAGE_STANDARD = "gnu++0x";
				CLANG_CXX_LIBRARY = "libc++";
				CLANG_ENABLE_MODULES = YES;
				CLANG_ENABLE_OBJC_ARC = YES;
				CLANG_WARN_BOOL_CONVERSION = YES;
				CLANG_WARN_CONSTANT_CONVERSION = YES;
				CLANG_WARN_DIRECT_OBJC_ISA_USAGE = YES_ERROR;
				CLANG_WARN_DOCUMENTATION_COMMENTS = YES;
				CLANG_WARN_EMPTY_BODY = YES;
				CLANG_WARN_ENUM_CONVERSION = YES;
				CLANG_WARN_INFINITE_RECURSION = YES;
				CLANG_WARN_INT_CONVERSION = YES;
				CLANG_WARN_OBJC_ROOT_CLASS = YES_ERROR;
				CLANG_WARN_SUSPICIOUS_MOVES = YES;
				CLANG_WARN_UNREACHABLE_CODE = YES;
				CLANG_WARN__DUPLICATE_METHOD_MATCH = YES;
				"CODE_SIGN_IDENTITY[sdk=iphoneos*]" = "iPhone Developer";
				COPY_PHASE_STRIP = NO;
				DEBUG_INFORMATION_FORMAT = "dwarf-with-dsym";
				ENABLE_NS_ASSERTIONS = NO;
				ENABLE_STRICT_OBJC_MSGSEND = YES;
				GCC_C_LANGUAGE_STANDARD = gnu99;
				GCC_NO_COMMON_BLOCKS = YES;
				GCC_WARN_64_TO_32_BIT_CONVERSION = YES;
				GCC_WARN_ABOUT_RETURN_TYPE = YES_ERROR;
				GCC_WARN_UNDECLARED_SELECTOR = YES;
				GCC_WARN_UNINITIALIZED_AUTOS = YES_AGGRESSIVE;
				GCC_WARN_UNUSED_FUNCTION = YES;
				GCC_WARN_UNUSED_VARIABLE = YES;
				IPHONEOS_DEPLOYMENT_TARGET = 10.1;
				MTL_ENABLE_DEBUG_INFO = NO;
				SDKROOT = iphoneos;
				SWIFT_OPTIMIZATION_LEVEL = "-Owholemodule";
				TARGETED_DEVICE_FAMILY = "1,2";
				VALIDATE_PRODUCT = YES;
			};
			name = Release;
		};
		BA2A05EA1DFC381400C11BDB /* Debug */ = {
			isa = XCBuildConfiguration;
			buildSettings = {
				ASSETCATALOG_COMPILER_APPICON_NAME = AppIcon;
				DEVELOPMENT_TEAM = ZGKM2V59UB;
				INFOPLIST_FILE = CoreDataToDoSwift3/Info.plist;
				LD_RUNPATH_SEARCH_PATHS = "$(inherited) @executable_path/Frameworks";
				PRODUCT_BUNDLE_IDENTIFIER = com.henry.CoreDataToDoSwift3;
				PRODUCT_NAME = "$(TARGET_NAME)";
				SWIFT_VERSION = 3.0;
			};
			name = Debug;
		};
		BA2A05EB1DFC381400C11BDB /* Release */ = {
			isa = XCBuildConfiguration;
			buildSettings = {
				ASSETCATALOG_COMPILER_APPICON_NAME = AppIcon;
				DEVELOPMENT_TEAM = ZGKM2V59UB;
				INFOPLIST_FILE = CoreDataToDoSwift3/Info.plist;
				LD_RUNPATH_SEARCH_PATHS = "$(inherited) @executable_path/Frameworks";
				PRODUCT_BUNDLE_IDENTIFIER = com.henry.CoreDataToDoSwift3;
				PRODUCT_NAME = "$(TARGET_NAME)";
				SWIFT_VERSION = 3.0;
			};
			name = Release;
		};
/* End XCBuildConfiguration section */

/* Begin XCConfigurationList section */
		BA2A05CF1DFC381400C11BDB /* Build configuration list for PBXProject "CoreDataToDoSwift3" */ = {
			isa = XCConfigurationList;
			buildConfigurations = (
				BA2A05E71DFC381400C11BDB /* Debug */,
				BA2A05E81DFC381400C11BDB /* Release */,
			);
			defaultConfigurationIsVisible = 0;
			defaultConfigurationName = Release;
		};
		BA2A05E91DFC381400C11BDB /* Build configuration list for PBXNativeTarget "CoreDataToDoSwift3" */ = {
			isa = XCConfigurationList;
			buildConfigurations = (
				BA2A05EA1DFC381400C11BDB /* Debug */,
				BA2A05EB1DFC381400C11BDB /* Release */,
			);
			defaultConfigurationIsVisible = 0;
		};
/* End XCConfigurationList section */

/* Begin XCVersionGroup section */
		BA2A05DE1DFC381400C11BDB /* CoreDataToDoSwift3.xcdatamodeld */ = {
			isa = XCVersionGroup;
			children = (
				BA2A05DF1DFC381400C11BDB /* CoreDataToDoSwift3.xcdatamodel */,
			);
			currentVersion = BA2A05DF1DFC381400C11BDB /* CoreDataToDoSwift3.xcdatamodel */;
			path = CoreDataToDoSwift3.xcdatamodeld;
			sourceTree = "<group>";
			versionGroupType = wrapper.xcdatamodel;
		};
/* End XCVersionGroup section */
	};
	rootObject = BA2A05CC1DFC381400C11BDB /* Project object */;
}
